
Microsoft Visual Studio Solution File, Format Version 11.00
# Visual Studio 2010
Project("{FAE04EC0-301F-11D3-BF4B-00C04F79EFBC}") = "Praeclarum.iOS", "Praeclarum.iOS\Praeclarum.iOS.csproj", "{BAEC0100-059C-4750-90E4-2D0392A76713}"
EndProject
Project("{FAE04EC0-301F-11D3-BF4B-00C04F79EFBC}") = "Praeclarum.Mac", "Praeclarum.Mac\Praeclarum.Mac.csproj", "{05E9FE96-8FBA-403A-879C-16A59954CEB8}"
EndProject
Project("{FAE04EC0-301F-11D3-BF4B-00C04F79EFBC}") = "Praeclarum", "Praeclarum\Praeclarum.csproj", "{8956A28C-EE46-4576-ADBC-CD26BD147CD0}"
EndProject
Project("{FAE04EC0-301F-11D3-BF4B-00C04F79EFBC}") = "Praeclarum.Android", "Praeclarum.Android\Praeclarum.Android.csproj", "{1A598D1A-2E83-4387-8F57-15A42ED5549D}"
EndProject
Project("{D954291E-2A0B-460D-934E-DC6B0785DB48}") = "Praeclarum.iOS.Shared", "Praeclarum.iOS\Praeclarum.iOS.Shared.shproj", "{97D7EEB3-E116-4790-824A-54A8BB53D102}"
EndProject
Project("{D954291E-2A0B-460D-934E-DC6B0785DB48}") = "Praeclarum.Shared", "Praeclarum\Praeclarum.Shared.shproj", "{B8A8BCD4-7815-4994-A9AF-3E603C844835}"
EndProject
Global
	GlobalSection(SolutionConfigurationPlatforms) = preSolution
		Debug|Any CPU = Debug|Any CPU
		Release|Any CPU = Release|Any CPU
	EndGlobalSection
	GlobalSection(ProjectConfigurationPlatforms) = postSolution
		{05E9FE96-8FBA-403A-879C-16A59954CEB8}.Debug|Any CPU.ActiveCfg = Debug|Any CPU
		{05E9FE96-8FBA-403A-879C-16A59954CEB8}.Debug|Any CPU.Build.0 = Debug|Any CPU
		{05E9FE96-8FBA-403A-879C-16A59954CEB8}.Release|Any CPU.ActiveCfg = Release|Any CPU
		{05E9FE96-8FBA-403A-879C-16A59954CEB8}.Release|Any CPU.Build.0 = Release|Any CPU
		{1A598D1A-2E83-4387-8F57-15A42ED5549D}.Debug|Any CPU.ActiveCfg = Debug|Any CPU
		{1A598D1A-2E83-4387-8F57-15A42ED5549D}.Debug|Any CPU.Build.0 = Debug|Any CPU
		{1A598D1A-2E83-4387-8F57-15A42ED5549D}.Release|Any CPU.ActiveCfg = Release|Any CPU
		{1A598D1A-2E83-4387-8F57-15A42ED5549D}.Release|Any CPU.Build.0 = Release|Any CPU
		{8956A28C-EE46-4576-ADBC-CD26BD147CD0}.Debug|Any CPU.ActiveCfg = Debug|Any CPU
		{8956A28C-EE46-4576-ADBC-CD26BD147CD0}.Debug|Any CPU.Build.0 = Debug|Any CPU
		{8956A28C-EE46-4576-ADBC-CD26BD147CD0}.Release|Any CPU.ActiveCfg = Release|Any CPU
		{8956A28C-EE46-4576-ADBC-CD26BD147CD0}.Release|Any CPU.Build.0 = Release|Any CPU
		{BAEC0100-059C-4750-90E4-2D0392A76713}.Debug|Any CPU.ActiveCfg = Debug|Any CPU
		{BAEC0100-059C-4750-90E4-2D0392A76713}.Debug|Any CPU.Build.0 = Debug|Any CPU
		{BAEC0100-059C-4750-90E4-2D0392A76713}.Release|Any CPU.ActiveCfg = Release|Any CPU
		{BAEC0100-059C-4750-90E4-2D0392A76713}.Release|Any CPU.Build.0 = Release|Any CPU
	EndGlobalSection
EndGlobal
